
Microsoft Visual Studio Solution File, Format Version 12.00
# Visual Studio Version 17
VisualStudioVersion = 17.11.35327.3
MinimumVisualStudioVersion = 10.0.40219.1
Project("{FAE04EC0-301F-11D3-BF4B-00C04F79EFBC}") = "Ex013", "Ex013.csproj", "{F7DB953D-6E6E-4089-A9AF-732C01542D37}"
EndProject
Global
	GlobalSection(SolutionConfigurationPlatforms) = preSolution
		Debug|Any CPU = Debug|Any CPU
		Release|Any CPU = Release|Any CPU
	EndGlobalSection
	GlobalSection(ProjectConfigurationPlatforms) = postSolution
		{F7DB953D-6E6E-4089-A9AF-732C01542D37}.Debug|Any CPU.ActiveCfg = Debug|Any CPU
		{F7DB953D-6E6E-4089-A9AF-732C01542D37}.Debug|Any CPU.Build.0 = Debug|Any CPU
		{F7DB953D-6E6E-4089-A9AF-732C01542D37}.Release|Any CPU.ActiveCfg = Release|Any CPU
		{F7DB953D-6E6E-4089-A9AF-732C01542D37}.Release|Any CPU.Build.0 = Release|Any CPU
	EndGlobalSection
	GlobalSection(SolutionProperties) = preSolution
		HideSolutionNode = FALSE
	EndGlobalSection
	GlobalSection(ExtensibilityGlobals) = postSolution
		SolutionGuid = {892975E6-3932-43D7-AE62-58B5BA0D2B96}
	EndGlobalSection
EndGlobal
