
Microsoft Visual Studio Solution File, Format Version 12.00
# Visual Studio Version 17
VisualStudioVersion = 17.11.35327.3
MinimumVisualStudioVersion = 10.0.40219.1
Project("{FAE04EC0-301F-11D3-BF4B-00C04F79EFBC}") = "AreaTriangulo", "AreaTriangulo.csproj", "{3517458D-F300-4D68-9B58-15B85CE3C46E}"
EndProject
Global
	GlobalSection(SolutionConfigurationPlatforms) = preSolution
		Debug|Any CPU = Debug|Any CPU
		Release|Any CPU = Release|Any CPU
	EndGlobalSection
	GlobalSection(ProjectConfigurationPlatforms) = postSolution
		{3517458D-F300-4D68-9B58-15B85CE3C46E}.Debug|Any CPU.ActiveCfg = Debug|Any CPU
		{3517458D-F300-4D68-9B58-15B85CE3C46E}.Debug|Any CPU.Build.0 = Debug|Any CPU
		{3517458D-F300-4D68-9B58-15B85CE3C46E}.Release|Any CPU.ActiveCfg = Release|Any CPU
		{3517458D-F300-4D68-9B58-15B85CE3C46E}.Release|Any CPU.Build.0 = Release|Any CPU
	EndGlobalSection
	GlobalSection(SolutionProperties) = preSolution
		HideSolutionNode = FALSE
	EndGlobalSection
	GlobalSection(ExtensibilityGlobals) = postSolution
		SolutionGuid = {5FA5C825-446E-4F98-A332-08C17E2931B1}
	EndGlobalSection
EndGlobal
