
Microsoft Visual Studio Solution File, Format Version 12.00
# Visual Studio Version 17
VisualStudioVersion = 17.11.35327.3
MinimumVisualStudioVersion = 10.0.40219.1
Project("{FAE04EC0-301F-11D3-BF4B-00C04F79EFBC}") = "Ex012", "Ex012.csproj", "{4860BE94-FC86-42A7-AD55-BE0AABF51C6C}"
EndProject
Global
	GlobalSection(SolutionConfigurationPlatforms) = preSolution
		Debug|Any CPU = Debug|Any CPU
		Release|Any CPU = Release|Any CPU
	EndGlobalSection
	GlobalSection(ProjectConfigurationPlatforms) = postSolution
		{4860BE94-FC86-42A7-AD55-BE0AABF51C6C}.Debug|Any CPU.ActiveCfg = Debug|Any CPU
		{4860BE94-FC86-42A7-AD55-BE0AABF51C6C}.Debug|Any CPU.Build.0 = Debug|Any CPU
		{4860BE94-FC86-42A7-AD55-BE0AABF51C6C}.Release|Any CPU.ActiveCfg = Release|Any CPU
		{4860BE94-FC86-42A7-AD55-BE0AABF51C6C}.Release|Any CPU.Build.0 = Release|Any CPU
	EndGlobalSection
	GlobalSection(SolutionProperties) = preSolution
		HideSolutionNode = FALSE
	EndGlobalSection
	GlobalSection(ExtensibilityGlobals) = postSolution
		SolutionGuid = {F9A81213-1E8B-45C6-8F61-E30998AFB8FE}
	EndGlobalSection
EndGlobal
